// !$*UTF8*$!
{
	archiveVersion = 1;
	classes = {
	};
	objectVersion = 56;
	objects = {

/* Begin PBXBuildFile section */
		C245BC682A212B5D00B71980 /* NetworkSDK.framework in Frameworks */ = {isa = PBXBuildFile; fileRef = C245BC662A212B5D00B71980 /* NetworkSDK.framework */; };
		C245BC692A212B5D00B71980 /* NetworkSDK.framework in Embed Frameworks */ = {isa = PBXBuildFile; fileRef = C245BC662A212B5D00B71980 /* NetworkSDK.framework */; settings = {ATTRIBUTES = (CodeSignOnCopy, RemoveHeadersOnCopy, ); }; };
		C245BC6A2A212B5D00B71980 /* UISDK.framework in Frameworks */ = {isa = PBXBuildFile; fileRef = C245BC672A212B5D00B71980 /* UISDK.framework */; };
		C245BC6B2A212B5D00B71980 /* UISDK.framework in Embed Frameworks */ = {isa = PBXBuildFile; fileRef = C245BC672A212B5D00B71980 /* UISDK.framework */; settings = {ATTRIBUTES = (CodeSignOnCopy, RemoveHeadersOnCopy, ); }; };
		C24E029B2A20DC17000ACE0B /* Application.swift in Sources */ = {isa = PBXBuildFile; fileRef = C24E029A2A20DC17000ACE0B /* Application.swift */; };
		C24E029E2A20DC71000ACE0B /* StringsConstants.swift in Sources */ = {isa = PBXBuildFile; fileRef = C24E029D2A20DC71000ACE0B /* StringsConstants.swift */; };
		C24E02A02A20DD10000ACE0B /* UsersEndPoint.swift in Sources */ = {isa = PBXBuildFile; fileRef = C24E029F2A20DD10000ACE0B /* UsersEndPoint.swift */; };
		C24E02A22A20DF66000ACE0B /* UserServiceProtocol.swift in Sources */ = {isa = PBXBuildFile; fileRef = C24E02A12A20DF66000ACE0B /* UserServiceProtocol.swift */; };
		C24E02A52A20E069000ACE0B /* UserModel.swift in Sources */ = {isa = PBXBuildFile; fileRef = C24E02A42A20E069000ACE0B /* UserModel.swift */; };
		C24E02AC2A20E155000ACE0B /* UserDetails.swift in Sources */ = {isa = PBXBuildFile; fileRef = C24E02AB2A20E155000ACE0B /* UserDetails.swift */; };
		C24E02AE2A20E1C5000ACE0B /* UserRepo.swift in Sources */ = {isa = PBXBuildFile; fileRef = C24E02AD2A20E1C5000ACE0B /* UserRepo.swift */; };
		C24E02B02A20E284000ACE0B /* UserService.swift in Sources */ = {isa = PBXBuildFile; fileRef = C24E02AF2A20E284000ACE0B /* UserService.swift */; };
		C24E02B22A20E460000ACE0B /* HomeViewModelProtocol.swift in Sources */ = {isa = PBXBuildFile; fileRef = C24E02B12A20E460000ACE0B /* HomeViewModelProtocol.swift */; };
		C24E02B42A20E705000ACE0B /* HomeViewModel.swift in Sources */ = {isa = PBXBuildFile; fileRef = C24E02B32A20E705000ACE0B /* HomeViewModel.swift */; };
		C24E02B62A20ED37000ACE0B /* UserTableViewCell.swift in Sources */ = {isa = PBXBuildFile; fileRef = C24E02B52A20ED37000ACE0B /* UserTableViewCell.swift */; };
		C24E02C42A20FCBD000ACE0B /* DetailsViewModelProtocol.swift in Sources */ = {isa = PBXBuildFile; fileRef = C24E02C32A20FCBD000ACE0B /* DetailsViewModelProtocol.swift */; };
		C24E02C62A20FD84000ACE0B /* DetailsViewModel.swift in Sources */ = {isa = PBXBuildFile; fileRef = C24E02C52A20FD84000ACE0B /* DetailsViewModel.swift */; };
		C24E02C82A21002A000ACE0B /* DetailsViewController.swift in Sources */ = {isa = PBXBuildFile; fileRef = C24E02C72A21002A000ACE0B /* DetailsViewController.swift */; };
		C24E02CB2A210A63000ACE0B /* ReposTableViewCell.swift in Sources */ = {isa = PBXBuildFile; fileRef = C24E02CA2A210A63000ACE0B /* ReposTableViewCell.swift */; };
		C24E02D12A210F79000ACE0B /* UserServiceMock.swift in Sources */ = {isa = PBXBuildFile; fileRef = C24E02D02A210F79000ACE0B /* UserServiceMock.swift */; };
		C24E02D32A21106A000ACE0B /* UserModelMock.swift in Sources */ = {isa = PBXBuildFile; fileRef = C24E02D22A21106A000ACE0B /* UserModelMock.swift */; };
		C24E02D52A211992000ACE0B /* HomeViewModelTests.swift in Sources */ = {isa = PBXBuildFile; fileRef = C24E02D42A211992000ACE0B /* HomeViewModelTests.swift */; };
		C24E02D82A211D34000ACE0B /* DetailsViewModelTest.swift in Sources */ = {isa = PBXBuildFile; fileRef = C24E02D72A211D34000ACE0B /* DetailsViewModelTest.swift */; };
		C2E6B1192A20D6B5000CFB73 /* AppDelegate.swift in Sources */ = {isa = PBXBuildFile; fileRef = C2E6B1182A20D6B5000CFB73 /* AppDelegate.swift */; };
		C2E6B11B2A20D6B5000CFB73 /* SceneDelegate.swift in Sources */ = {isa = PBXBuildFile; fileRef = C2E6B11A2A20D6B5000CFB73 /* SceneDelegate.swift */; };
		C2E6B11D2A20D6B5000CFB73 /* ViewController.swift in Sources */ = {isa = PBXBuildFile; fileRef = C2E6B11C2A20D6B5000CFB73 /* ViewController.swift */; };
		C2E6B1222A20D6B6000CFB73 /* Assets.xcassets in Resources */ = {isa = PBXBuildFile; fileRef = C2E6B1212A20D6B6000CFB73 /* Assets.xcassets */; };
		C2E6B1252A20D6B6000CFB73 /* LaunchScreen.storyboard in Resources */ = {isa = PBXBuildFile; fileRef = C2E6B1232A20D6B6000CFB73 /* LaunchScreen.storyboard */; };
		C2E6B13A2A20D6B6000CFB73 /* GitHubExampleUITests.swift in Sources */ = {isa = PBXBuildFile; fileRef = C2E6B1392A20D6B6000CFB73 /* GitHubExampleUITests.swift */; };
		C2E6B13C2A20D6B6000CFB73 /* GitHubExampleUITestsLaunchTests.swift in Sources */ = {isa = PBXBuildFile; fileRef = C2E6B13B2A20D6B6000CFB73 /* GitHubExampleUITestsLaunchTests.swift */; };
/* End PBXBuildFile section */

/* Begin PBXContainerItemProxy section */
		C2E6B12C2A20D6B6000CFB73 /* PBXContainerItemProxy */ = {
			isa = PBXContainerItemProxy;
			containerPortal = C2E6B10D2A20D6B5000CFB73 /* Project object */;
			proxyType = 1;
			remoteGlobalIDString = C2E6B1142A20D6B5000CFB73;
			remoteInfo = GitHubExample;
		};
		C2E6B1362A20D6B6000CFB73 /* PBXContainerItemProxy */ = {
			isa = PBXContainerItemProxy;
			containerPortal = C2E6B10D2A20D6B5000CFB73 /* Project object */;
			proxyType = 1;
			remoteGlobalIDString = C2E6B1142A20D6B5000CFB73;
			remoteInfo = GitHubExample;
		};
/* End PBXContainerItemProxy section */

/* Begin PBXCopyFilesBuildPhase section */
		C245BC6C2A212B5D00B71980 /* Embed Frameworks */ = {
			isa = PBXCopyFilesBuildPhase;
			buildActionMask = 2147483647;
			dstPath = "";
			dstSubfolderSpec = 10;
			files = (
				C245BC692A212B5D00B71980 /* NetworkSDK.framework in Embed Frameworks */,
				C245BC6B2A212B5D00B71980 /* UISDK.framework in Embed Frameworks */,
			);
			name = "Embed Frameworks";
			runOnlyForDeploymentPostprocessing = 0;
		};
/* End PBXCopyFilesBuildPhase section */

/* Begin PBXFileReference section */
		C245BC662A212B5D00B71980 /* NetworkSDK.framework */ = {isa = PBXFileReference; explicitFileType = wrapper.framework; path = NetworkSDK.framework; sourceTree = BUILT_PRODUCTS_DIR; };
		C245BC672A212B5D00B71980 /* UISDK.framework */ = {isa = PBXFileReference; explicitFileType = wrapper.framework; path = UISDK.framework; sourceTree = BUILT_PRODUCTS_DIR; };
		C24E029A2A20DC17000ACE0B /* Application.swift */ = {isa = PBXFileReference; lastKnownFileType = sourcecode.swift; path = Application.swift; sourceTree = "<group>"; };
		C24E029D2A20DC71000ACE0B /* StringsConstants.swift */ = {isa = PBXFileReference; lastKnownFileType = sourcecode.swift; path = StringsConstants.swift; sourceTree = "<group>"; };
		C24E029F2A20DD10000ACE0B /* UsersEndPoint.swift */ = {isa = PBXFileReference; lastKnownFileType = sourcecode.swift; path = UsersEndPoint.swift; sourceTree = "<group>"; };
		C24E02A12A20DF66000ACE0B /* UserServiceProtocol.swift */ = {isa = PBXFileReference; lastKnownFileType = sourcecode.swift; path = UserServiceProtocol.swift; sourceTree = "<group>"; };
		C24E02A42A20E069000ACE0B /* UserModel.swift */ = {isa = PBXFileReference; lastKnownFileType = sourcecode.swift; path = UserModel.swift; sourceTree = "<group>"; };
		C24E02AB2A20E155000ACE0B /* UserDetails.swift */ = {isa = PBXFileReference; lastKnownFileType = sourcecode.swift; path = UserDetails.swift; sourceTree = "<group>"; };
		C24E02AD2A20E1C5000ACE0B /* UserRepo.swift */ = {isa = PBXFileReference; lastKnownFileType = sourcecode.swift; path = UserRepo.swift; sourceTree = "<group>"; };
		C24E02AF2A20E284000ACE0B /* UserService.swift */ = {isa = PBXFileReference; lastKnownFileType = sourcecode.swift; path = UserService.swift; sourceTree = "<group>"; };
		C24E02B12A20E460000ACE0B /* HomeViewModelProtocol.swift */ = {isa = PBXFileReference; lastKnownFileType = sourcecode.swift; path = HomeViewModelProtocol.swift; sourceTree = "<group>"; };
		C24E02B32A20E705000ACE0B /* HomeViewModel.swift */ = {isa = PBXFileReference; lastKnownFileType = sourcecode.swift; path = HomeViewModel.swift; sourceTree = "<group>"; };
		C24E02B52A20ED37000ACE0B /* UserTableViewCell.swift */ = {isa = PBXFileReference; lastKnownFileType = sourcecode.swift; path = UserTableViewCell.swift; sourceTree = "<group>"; };
		C24E02C32A20FCBD000ACE0B /* DetailsViewModelProtocol.swift */ = {isa = PBXFileReference; lastKnownFileType = sourcecode.swift; path = DetailsViewModelProtocol.swift; sourceTree = "<group>"; };
		C24E02C52A20FD84000ACE0B /* DetailsViewModel.swift */ = {isa = PBXFileReference; lastKnownFileType = sourcecode.swift; path = DetailsViewModel.swift; sourceTree = "<group>"; };
		C24E02C72A21002A000ACE0B /* DetailsViewController.swift */ = {isa = PBXFileReference; lastKnownFileType = sourcecode.swift; path = DetailsViewController.swift; sourceTree = "<group>"; };
		C24E02CA2A210A63000ACE0B /* ReposTableViewCell.swift */ = {isa = PBXFileReference; lastKnownFileType = sourcecode.swift; path = ReposTableViewCell.swift; sourceTree = "<group>"; };
		C24E02D02A210F79000ACE0B /* UserServiceMock.swift */ = {isa = PBXFileReference; lastKnownFileType = sourcecode.swift; path = UserServiceMock.swift; sourceTree = "<group>"; };
		C24E02D22A21106A000ACE0B /* UserModelMock.swift */ = {isa = PBXFileReference; lastKnownFileType = sourcecode.swift; path = UserModelMock.swift; sourceTree = "<group>"; };
		C24E02D42A211992000ACE0B /* HomeViewModelTests.swift */ = {isa = PBXFileReference; lastKnownFileType = sourcecode.swift; path = HomeViewModelTests.swift; sourceTree = "<group>"; };
		C24E02D72A211D34000ACE0B /* DetailsViewModelTest.swift */ = {isa = PBXFileReference; lastKnownFileType = sourcecode.swift; path = DetailsViewModelTest.swift; sourceTree = "<group>"; };
		C2E6B1152A20D6B5000CFB73 /* GitHubExample.app */ = {isa = PBXFileReference; explicitFileType = wrapper.application; includeInIndex = 0; path = GitHubExample.app; sourceTree = BUILT_PRODUCTS_DIR; };
		C2E6B1182A20D6B5000CFB73 /* AppDelegate.swift */ = {isa = PBXFileReference; lastKnownFileType = sourcecode.swift; path = AppDelegate.swift; sourceTree = "<group>"; };
		C2E6B11A2A20D6B5000CFB73 /* SceneDelegate.swift */ = {isa = PBXFileReference; lastKnownFileType = sourcecode.swift; path = SceneDelegate.swift; sourceTree = "<group>"; };
		C2E6B11C2A20D6B5000CFB73 /* ViewController.swift */ = {isa = PBXFileReference; lastKnownFileType = sourcecode.swift; path = ViewController.swift; sourceTree = "<group>"; };
		C2E6B1212A20D6B6000CFB73 /* Assets.xcassets */ = {isa = PBXFileReference; lastKnownFileType = folder.assetcatalog; path = Assets.xcassets; sourceTree = "<group>"; };
		C2E6B1242A20D6B6000CFB73 /* Base */ = {isa = PBXFileReference; lastKnownFileType = file.storyboard; name = Base; path = Base.lproj/LaunchScreen.storyboard; sourceTree = "<group>"; };
		C2E6B1262A20D6B6000CFB73 /* Info.plist */ = {isa = PBXFileReference; lastKnownFileType = text.plist.xml; path = Info.plist; sourceTree = "<group>"; };
		C2E6B12B2A20D6B6000CFB73 /* GitHubExampleTests.xctest */ = {isa = PBXFileReference; explicitFileType = wrapper.cfbundle; includeInIndex = 0; path = GitHubExampleTests.xctest; sourceTree = BUILT_PRODUCTS_DIR; };
		C2E6B1352A20D6B6000CFB73 /* GitHubExampleUITests.xctest */ = {isa = PBXFileReference; explicitFileType = wrapper.cfbundle; includeInIndex = 0; path = GitHubExampleUITests.xctest; sourceTree = BUILT_PRODUCTS_DIR; };
		C2E6B1392A20D6B6000CFB73 /* GitHubExampleUITests.swift */ = {isa = PBXFileReference; lastKnownFileType = sourcecode.swift; path = GitHubExampleUITests.swift; sourceTree = "<group>"; };
		C2E6B13B2A20D6B6000CFB73 /* GitHubExampleUITestsLaunchTests.swift */ = {isa = PBXFileReference; lastKnownFileType = sourcecode.swift; path = GitHubExampleUITestsLaunchTests.swift; sourceTree = "<group>"; };
/* End PBXFileReference section */

/* Begin PBXFrameworksBuildPhase section */
		C2E6B1122A20D6B5000CFB73 /* Frameworks */ = {
			isa = PBXFrameworksBuildPhase;
			buildActionMask = 2147483647;
			files = (
				C245BC682A212B5D00B71980 /* NetworkSDK.framework in Frameworks */,
				C245BC6A2A212B5D00B71980 /* UISDK.framework in Frameworks */,
			);
			runOnlyForDeploymentPostprocessing = 0;
		};
		C2E6B1282A20D6B6000CFB73 /* Frameworks */ = {
			isa = PBXFrameworksBuildPhase;
			buildActionMask = 2147483647;
			files = (
			);
			runOnlyForDeploymentPostprocessing = 0;
		};
		C2E6B1322A20D6B6000CFB73 /* Frameworks */ = {
			isa = PBXFrameworksBuildPhase;
			buildActionMask = 2147483647;
			files = (
			);
			runOnlyForDeploymentPostprocessing = 0;
		};
/* End PBXFrameworksBuildPhase section */

/* Begin PBXGroup section */
		C24E02932A20DAAF000ACE0B /* AppDelegate */ = {
			isa = PBXGroup;
			children = (
				C2E6B1182A20D6B5000CFB73 /* AppDelegate.swift */,
				C2E6B11A2A20D6B5000CFB73 /* SceneDelegate.swift */,
			);
			path = AppDelegate;
			sourceTree = "<group>";
		};
		C24E02942A20DAE8000ACE0B /* Features */ = {
			isa = PBXGroup;
			children = (
				C24E02A92A20E142000ACE0B /* Details */,
				C24E02952A20DAF1000ACE0B /* Home */,
			);
			path = Features;
			sourceTree = "<group>";
		};
		C24E02952A20DAF1000ACE0B /* Home */ = {
			isa = PBXGroup;
			children = (
				C24E02A32A20E05A000ACE0B /* Model */,
				C24E02992A20DB62000ACE0B /* Service */,
				C24E02982A20DB5A000ACE0B /* ViewModel */,
				C24E02972A20DB4E000ACE0B /* Cell */,
				C2E6B11C2A20D6B5000CFB73 /* ViewController.swift */,
			);
			path = Home;
			sourceTree = "<group>";
		};
		C24E02972A20DB4E000ACE0B /* Cell */ = {
			isa = PBXGroup;
			children = (
				C24E02B52A20ED37000ACE0B /* UserTableViewCell.swift */,
			);
			path = Cell;
			sourceTree = "<group>";
		};
		C24E02982A20DB5A000ACE0B /* ViewModel */ = {
			isa = PBXGroup;
			children = (
				C24E02B12A20E460000ACE0B /* HomeViewModelProtocol.swift */,
				C24E02B32A20E705000ACE0B /* HomeViewModel.swift */,
			);
			path = ViewModel;
			sourceTree = "<group>";
		};
		C24E02992A20DB62000ACE0B /* Service */ = {
			isa = PBXGroup;
			children = (
				C24E029F2A20DD10000ACE0B /* UsersEndPoint.swift */,
				C24E02A12A20DF66000ACE0B /* UserServiceProtocol.swift */,
				C24E02AF2A20E284000ACE0B /* UserService.swift */,
			);
			path = Service;
			sourceTree = "<group>";
		};
		C24E029C2A20DC63000ACE0B /* Commom */ = {
			isa = PBXGroup;
			children = (
				C24E029D2A20DC71000ACE0B /* StringsConstants.swift */,
			);
			path = Commom;
			sourceTree = "<group>";
		};
		C24E02A32A20E05A000ACE0B /* Model */ = {
			isa = PBXGroup;
			children = (
				C24E02A42A20E069000ACE0B /* UserModel.swift */,
			);
			path = Model;
			sourceTree = "<group>";
		};
		C24E02A92A20E142000ACE0B /* Details */ = {
			isa = PBXGroup;
			children = (
				C24E02C92A210A4E000ACE0B /* Cell */,
				C24E02C22A20FC6A000ACE0B /* ViewModel */,
				C24E02AA2A20E147000ACE0B /* Model */,
				C24E02C72A21002A000ACE0B /* DetailsViewController.swift */,
			);
			path = Details;
			sourceTree = "<group>";
		};
		C24E02AA2A20E147000ACE0B /* Model */ = {
			isa = PBXGroup;
			children = (
				C24E02AB2A20E155000ACE0B /* UserDetails.swift */,
				C24E02AD2A20E1C5000ACE0B /* UserRepo.swift */,
			);
			path = Model;
			sourceTree = "<group>";
		};
		C24E02C22A20FC6A000ACE0B /* ViewModel */ = {
			isa = PBXGroup;
			children = (
				C24E02C32A20FCBD000ACE0B /* DetailsViewModelProtocol.swift */,
				C24E02C52A20FD84000ACE0B /* DetailsViewModel.swift */,
			);
			path = ViewModel;
			sourceTree = "<group>";
		};
		C24E02C92A210A4E000ACE0B /* Cell */ = {
			isa = PBXGroup;
			children = (
				C24E02CA2A210A63000ACE0B /* ReposTableViewCell.swift */,
			);
			path = Cell;
			sourceTree = "<group>";
		};
		C24E02CC2A210F34000ACE0B /* Features */ = {
			isa = PBXGroup;
			children = (
				C24E02D62A211D0C000ACE0B /* Details */,
				C24E02CD2A210F3E000ACE0B /* Home */,
			);
			path = Features;
			sourceTree = "<group>";
		};
		C24E02CD2A210F3E000ACE0B /* Home */ = {
			isa = PBXGroup;
			children = (
				C24E02D42A211992000ACE0B /* HomeViewModelTests.swift */,
			);
			path = Home;
			sourceTree = "<group>";
		};
		C24E02CF2A210F4A000ACE0B /* Mock */ = {
			isa = PBXGroup;
			children = (
				C24E02D02A210F79000ACE0B /* UserServiceMock.swift */,
				C24E02D22A21106A000ACE0B /* UserModelMock.swift */,
			);
			path = Mock;
			sourceTree = "<group>";
		};
		C24E02D62A211D0C000ACE0B /* Details */ = {
			isa = PBXGroup;
			children = (
				C24E02D72A211D34000ACE0B /* DetailsViewModelTest.swift */,
			);
			path = Details;
			sourceTree = "<group>";
		};
		C2E6B10C2A20D6B5000CFB73 = {
			isa = PBXGroup;
			children = (
				C2E6B1172A20D6B5000CFB73 /* GitHubExample */,
				C2E6B12E2A20D6B6000CFB73 /* GitHubExampleTests */,
				C2E6B1382A20D6B6000CFB73 /* GitHubExampleUITests */,
				C2E6B1162A20D6B5000CFB73 /* Products */,
				C2E6B14E2A20D8CE000CFB73 /* Frameworks */,
			);
			sourceTree = "<group>";
		};
		C2E6B1162A20D6B5000CFB73 /* Products */ = {
			isa = PBXGroup;
			children = (
				C2E6B1152A20D6B5000CFB73 /* GitHubExample.app */,
				C2E6B12B2A20D6B6000CFB73 /* GitHubExampleTests.xctest */,
				C2E6B1352A20D6B6000CFB73 /* GitHubExampleUITests.xctest */,
			);
			name = Products;
			sourceTree = "<group>";
		};
		C2E6B1172A20D6B5000CFB73 /* GitHubExample */ = {
			isa = PBXGroup;
			children = (
				C24E029C2A20DC63000ACE0B /* Commom */,
				C24E02932A20DAAF000ACE0B /* AppDelegate */,
				C24E02942A20DAE8000ACE0B /* Features */,
				C2E6B1212A20D6B6000CFB73 /* Assets.xcassets */,
				C2E6B1232A20D6B6000CFB73 /* LaunchScreen.storyboard */,
				C2E6B1262A20D6B6000CFB73 /* Info.plist */,
				C24E029A2A20DC17000ACE0B /* Application.swift */,
			);
			path = GitHubExample;
			sourceTree = "<group>";
		};
		C2E6B12E2A20D6B6000CFB73 /* GitHubExampleTests */ = {
			isa = PBXGroup;
			children = (
				C24E02CF2A210F4A000ACE0B /* Mock */,
				C24E02CC2A210F34000ACE0B /* Features */,
			);
			path = GitHubExampleTests;
			sourceTree = "<group>";
		};
		C2E6B1382A20D6B6000CFB73 /* GitHubExampleUITests */ = {
			isa = PBXGroup;
			children = (
				C2E6B1392A20D6B6000CFB73 /* GitHubExampleUITests.swift */,
				C2E6B13B2A20D6B6000CFB73 /* GitHubExampleUITestsLaunchTests.swift */,
			);
			path = GitHubExampleUITests;
			sourceTree = "<group>";
		};
		C2E6B14E2A20D8CE000CFB73 /* Frameworks */ = {
			isa = PBXGroup;
			children = (
				C245BC662A212B5D00B71980 /* NetworkSDK.framework */,
				C245BC672A212B5D00B71980 /* UISDK.framework */,
			);
			name = Frameworks;
			sourceTree = "<group>";
		};
/* End PBXGroup section */

/* Begin PBXNativeTarget section */
		C2E6B1142A20D6B5000CFB73 /* GitHubExample */ = {
			isa = PBXNativeTarget;
			buildConfigurationList = C2E6B13F2A20D6B6000CFB73 /* Build configuration list for PBXNativeTarget "GitHubExample" */;
			buildPhases = (
				C2E6B1112A20D6B5000CFB73 /* Sources */,
				C2E6B1122A20D6B5000CFB73 /* Frameworks */,
				C2E6B1132A20D6B5000CFB73 /* Resources */,
				C245BC6C2A212B5D00B71980 /* Embed Frameworks */,
			);
			buildRules = (
			);
			dependencies = (
			);
			name = GitHubExample;
			productName = GitHubExample;
			productReference = C2E6B1152A20D6B5000CFB73 /* GitHubExample.app */;
			productType = "com.apple.product-type.application";
		};
		C2E6B12A2A20D6B6000CFB73 /* GitHubExampleTests */ = {
			isa = PBXNativeTarget;
			buildConfigurationList = C2E6B1422A20D6B6000CFB73 /* Build configuration list for PBXNativeTarget "GitHubExampleTests" */;
			buildPhases = (
				C2E6B1272A20D6B6000CFB73 /* Sources */,
				C2E6B1282A20D6B6000CFB73 /* Frameworks */,
				C2E6B1292A20D6B6000CFB73 /* Resources */,
			);
			buildRules = (
			);
			dependencies = (
				C2E6B12D2A20D6B6000CFB73 /* PBXTargetDependency */,
			);
			name = GitHubExampleTests;
			productName = GitHubExampleTests;
			productReference = C2E6B12B2A20D6B6000CFB73 /* GitHubExampleTests.xctest */;
			productType = "com.apple.product-type.bundle.unit-test";
		};
		C2E6B1342A20D6B6000CFB73 /* GitHubExampleUITests */ = {
			isa = PBXNativeTarget;
			buildConfigurationList = C2E6B1452A20D6B6000CFB73 /* Build configuration list for PBXNativeTarget "GitHubExampleUITests" */;
			buildPhases = (
				C2E6B1312A20D6B6000CFB73 /* Sources */,
				C2E6B1322A20D6B6000CFB73 /* Frameworks */,
				C2E6B1332A20D6B6000CFB73 /* Resources */,
			);
			buildRules = (
			);
			dependencies = (
				C2E6B1372A20D6B6000CFB73 /* PBXTargetDependency */,
			);
			name = GitHubExampleUITests;
			productName = GitHubExampleUITests;
			productReference = C2E6B1352A20D6B6000CFB73 /* GitHubExampleUITests.xctest */;
			productType = "com.apple.product-type.bundle.ui-testing";
		};
/* End PBXNativeTarget section */

/* Begin PBXProject section */
		C2E6B10D2A20D6B5000CFB73 /* Project object */ = {
			isa = PBXProject;
			attributes = {
				BuildIndependentTargetsInParallel = 1;
				LastSwiftUpdateCheck = 1420;
				LastUpgradeCheck = 1420;
				TargetAttributes = {
					C2E6B1142A20D6B5000CFB73 = {
						CreatedOnToolsVersion = 14.2;
					};
					C2E6B12A2A20D6B6000CFB73 = {
						CreatedOnToolsVersion = 14.2;
						TestTargetID = C2E6B1142A20D6B5000CFB73;
					};
					C2E6B1342A20D6B6000CFB73 = {
						CreatedOnToolsVersion = 14.2;
						TestTargetID = C2E6B1142A20D6B5000CFB73;
					};
				};
			};
			buildConfigurationList = C2E6B1102A20D6B5000CFB73 /* Build configuration list for PBXProject "GitHubExample" */;
			compatibilityVersion = "Xcode 14.0";
			developmentRegion = en;
			hasScannedForEncodings = 0;
			knownRegions = (
				en,
				Base,
			);
			mainGroup = C2E6B10C2A20D6B5000CFB73;
			productRefGroup = C2E6B1162A20D6B5000CFB73 /* Products */;
			projectDirPath = "";
			projectRoot = "";
			targets = (
				C2E6B1142A20D6B5000CFB73 /* GitHubExample */,
				C2E6B12A2A20D6B6000CFB73 /* GitHubExampleTests */,
				C2E6B1342A20D6B6000CFB73 /* GitHubExampleUITests */,
			);
		};
/* End PBXProject section */

/* Begin PBXResourcesBuildPhase section */
		C2E6B1132A20D6B5000CFB73 /* Resources */ = {
			isa = PBXResourcesBuildPhase;
			buildActionMask = 2147483647;
			files = (
				C2E6B1252A20D6B6000CFB73 /* LaunchScreen.storyboard in Resources */,
				C2E6B1222A20D6B6000CFB73 /* Assets.xcassets in Resources */,
			);
			runOnlyForDeploymentPostprocessing = 0;
		};
		C2E6B1292A20D6B6000CFB73 /* Resources */ = {
			isa = PBXResourcesBuildPhase;
			buildActionMask = 2147483647;
			files = (
			);
			runOnlyForDeploymentPostprocessing = 0;
		};
		C2E6B1332A20D6B6000CFB73 /* Resources */ = {
			isa = PBXResourcesBuildPhase;
			buildActionMask = 2147483647;
			files = (
			);
			runOnlyForDeploymentPostprocessing = 0;
		};
/* End PBXResourcesBuildPhase section */

/* Begin PBXSourcesBuildPhase section */
		C2E6B1112A20D6B5000CFB73 /* Sources */ = {
			isa = PBXSourcesBuildPhase;
			buildActionMask = 2147483647;
			files = (
				C24E02A22A20DF66000ACE0B /* UserServiceProtocol.swift in Sources */,
				C24E029B2A20DC17000ACE0B /* Application.swift in Sources */,
				C24E02B62A20ED37000ACE0B /* UserTableViewCell.swift in Sources */,
				C24E02C62A20FD84000ACE0B /* DetailsViewModel.swift in Sources */,
				C24E02AC2A20E155000ACE0B /* UserDetails.swift in Sources */,
				C24E02A52A20E069000ACE0B /* UserModel.swift in Sources */,
				C2E6B11D2A20D6B5000CFB73 /* ViewController.swift in Sources */,
				C24E029E2A20DC71000ACE0B /* StringsConstants.swift in Sources */,
				C24E02B02A20E284000ACE0B /* UserService.swift in Sources */,
				C24E02C82A21002A000ACE0B /* DetailsViewController.swift in Sources */,
				C24E02A02A20DD10000ACE0B /* UsersEndPoint.swift in Sources */,
				C24E02B42A20E705000ACE0B /* HomeViewModel.swift in Sources */,
				C24E02C42A20FCBD000ACE0B /* DetailsViewModelProtocol.swift in Sources */,
				C2E6B1192A20D6B5000CFB73 /* AppDelegate.swift in Sources */,
				C24E02B22A20E460000ACE0B /* HomeViewModelProtocol.swift in Sources */,
				C24E02AE2A20E1C5000ACE0B /* UserRepo.swift in Sources */,
				C2E6B11B2A20D6B5000CFB73 /* SceneDelegate.swift in Sources */,
				C24E02CB2A210A63000ACE0B /* ReposTableViewCell.swift in Sources */,
			);
			runOnlyForDeploymentPostprocessing = 0;
		};
		C2E6B1272A20D6B6000CFB73 /* Sources */ = {
			isa = PBXSourcesBuildPhase;
			buildActionMask = 2147483647;
			files = (
				C24E02D32A21106A000ACE0B /* UserModelMock.swift in Sources */,
				C24E02D12A210F79000ACE0B /* UserServiceMock.swift in Sources */,
				C24E02D82A211D34000ACE0B /* DetailsViewModelTest.swift in Sources */,
				C24E02D52A211992000ACE0B /* HomeViewModelTests.swift in Sources */,
			);
			runOnlyForDeploymentPostprocessing = 0;
		};
		C2E6B1312A20D6B6000CFB73 /* Sources */ = {
			isa = PBXSourcesBuildPhase;
			buildActionMask = 2147483647;
			files = (
				C2E6B13C2A20D6B6000CFB73 /* GitHubExampleUITestsLaunchTests.swift in Sources */,
				C2E6B13A2A20D6B6000CFB73 /* GitHubExampleUITests.swift in Sources */,
			);
			runOnlyForDeploymentPostprocessing = 0;
		};
/* End PBXSourcesBuildPhase section */

/* Begin PBXTargetDependency section */
		C2E6B12D2A20D6B6000CFB73 /* PBXTargetDependency */ = {
			isa = PBXTargetDependency;
			target = C2E6B1142A20D6B5000CFB73 /* GitHubExample */;
			targetProxy = C2E6B12C2A20D6B6000CFB73 /* PBXContainerItemProxy */;
		};
		C2E6B1372A20D6B6000CFB73 /* PBXTargetDependency */ = {
			isa = PBXTargetDependency;
			target = C2E6B1142A20D6B5000CFB73 /* GitHubExample */;
			targetProxy = C2E6B1362A20D6B6000CFB73 /* PBXContainerItemProxy */;
		};
/* End PBXTargetDependency section */

/* Begin PBXVariantGroup section */
		C2E6B1232A20D6B6000CFB73 /* LaunchScreen.storyboard */ = {
			isa = PBXVariantGroup;
			children = (
				C2E6B1242A20D6B6000CFB73 /* Base */,
			);
			name = LaunchScreen.storyboard;
			sourceTree = "<group>";
		};
/* End PBXVariantGroup section */

/* Begin XCBuildConfiguration section */
		C2E6B13D2A20D6B6000CFB73 /* Debug */ = {
			isa = XCBuildConfiguration;
			buildSettings = {
				ALWAYS_SEARCH_USER_PATHS = NO;
				CLANG_ANALYZER_NONNULL = YES;
				CLANG_ANALYZER_NUMBER_OBJECT_CONVERSION = YES_AGGRESSIVE;
				CLANG_CXX_LANGUAGE_STANDARD = "gnu++20";
				CLANG_ENABLE_MODULES = YES;
				CLANG_ENABLE_OBJC_ARC = YES;
				CLANG_ENABLE_OBJC_WEAK = YES;
				CLANG_WARN_BLOCK_CAPTURE_AUTORELEASING = YES;
				CLANG_WARN_BOOL_CONVERSION = YES;
				CLANG_WARN_COMMA = YES;
				CLANG_WARN_CONSTANT_CONVERSION = YES;
				CLANG_WARN_DEPRECATED_OBJC_IMPLEMENTATIONS = YES;
				CLANG_WARN_DIRECT_OBJC_ISA_USAGE = YES_ERROR;
				CLANG_WARN_DOCUMENTATION_COMMENTS = YES;
				CLANG_WARN_EMPTY_BODY = YES;
				CLANG_WARN_ENUM_CONVERSION = YES;
				CLANG_WARN_INFINITE_RECURSION = YES;
				CLANG_WARN_INT_CONVERSION = YES;
				CLANG_WARN_NON_LITERAL_NULL_CONVERSION = YES;
				CLANG_WARN_OBJC_IMPLICIT_RETAIN_SELF = YES;
				CLANG_WARN_OBJC_LITERAL_CONVERSION = YES;
				CLANG_WARN_OBJC_ROOT_CLASS = YES_ERROR;
				CLANG_WARN_QUOTED_INCLUDE_IN_FRAMEWORK_HEADER = YES;
				CLANG_WARN_RANGE_LOOP_ANALYSIS = YES;
				CLANG_WARN_STRICT_PROTOTYPES = YES;
				CLANG_WARN_SUSPICIOUS_MOVE = YES;
				CLANG_WARN_UNGUARDED_AVAILABILITY = YES_AGGRESSIVE;
				CLANG_WARN_UNREACHABLE_CODE = YES;
				CLANG_WARN__DUPLICATE_METHOD_MATCH = YES;
				COPY_PHASE_STRIP = NO;
				DEBUG_INFORMATION_FORMAT = dwarf;
				ENABLE_STRICT_OBJC_MSGSEND = YES;
				ENABLE_TESTABILITY = YES;
				GCC_C_LANGUAGE_STANDARD = gnu11;
				GCC_DYNAMIC_NO_PIC = NO;
				GCC_NO_COMMON_BLOCKS = YES;
				GCC_OPTIMIZATION_LEVEL = 0;
				GCC_PREPROCESSOR_DEFINITIONS = (
					"DEBUG=1",
					"$(inherited)",
				);
				GCC_WARN_64_TO_32_BIT_CONVERSION = YES;
				GCC_WARN_ABOUT_RETURN_TYPE = YES_ERROR;
				GCC_WARN_UNDECLARED_SELECTOR = YES;
				GCC_WARN_UNINITIALIZED_AUTOS = YES_AGGRESSIVE;
				GCC_WARN_UNUSED_FUNCTION = YES;
				GCC_WARN_UNUSED_VARIABLE = YES;
				IPHONEOS_DEPLOYMENT_TARGET = 16.2;
				MTL_ENABLE_DEBUG_INFO = INCLUDE_SOURCE;
				MTL_FAST_MATH = YES;
				ONLY_ACTIVE_ARCH = YES;
				SDKROOT = iphoneos;
				SWIFT_ACTIVE_COMPILATION_CONDITIONS = DEBUG;
				SWIFT_OPTIMIZATION_LEVEL = "-Onone";
			};
			name = Debug;
		};
		C2E6B13E2A20D6B6000CFB73 /* Release */ = {
			isa = XCBuildConfiguration;
			buildSettings = {
				ALWAYS_SEARCH_USER_PATHS = NO;
				CLANG_ANALYZER_NONNULL = YES;
				CLANG_ANALYZER_NUMBER_OBJECT_CONVERSION = YES_AGGRESSIVE;
				CLANG_CXX_LANGUAGE_STANDARD = "gnu++20";
				CLANG_ENABLE_MODULES = YES;
				CLANG_ENABLE_OBJC_ARC = YES;
				CLANG_ENABLE_OBJC_WEAK = YES;
				CLANG_WARN_BLOCK_CAPTURE_AUTORELEASING = YES;
				CLANG_WARN_BOOL_CONVERSION = YES;
				CLANG_WARN_COMMA = YES;
				CLANG_WARN_CONSTANT_CONVERSION = YES;
				CLANG_WARN_DEPRECATED_OBJC_IMPLEMENTATIONS = YES;
				CLANG_WARN_DIRECT_OBJC_ISA_USAGE = YES_ERROR;
				CLANG_WARN_DOCUMENTATION_COMMENTS = YES;
				CLANG_WARN_EMPTY_BODY = YES;
				CLANG_WARN_ENUM_CONVERSION = YES;
				CLANG_WARN_INFINITE_RECURSION = YES;
				CLANG_WARN_INT_CONVERSION = YES;
				CLANG_WARN_NON_LITERAL_NULL_CONVERSION = YES;
				CLANG_WARN_OBJC_IMPLICIT_RETAIN_SELF = YES;
				CLANG_WARN_OBJC_LITERAL_CONVERSION = YES;
				CLANG_WARN_OBJC_ROOT_CLASS = YES_ERROR;
				CLANG_WARN_QUOTED_INCLUDE_IN_FRAMEWORK_HEADER = YES;
				CLANG_WARN_RANGE_LOOP_ANALYSIS = YES;
				CLANG_WARN_STRICT_PROTOTYPES = YES;
				CLANG_WARN_SUSPICIOUS_MOVE = YES;
				CLANG_WARN_UNGUARDED_AVAILABILITY = YES_AGGRESSIVE;
				CLANG_WARN_UNREACHABLE_CODE = YES;
				CLANG_WARN__DUPLICATE_METHOD_MATCH = YES;
				COPY_PHASE_STRIP = NO;
				DEBUG_INFORMATION_FORMAT = "dwarf-with-dsym";
				ENABLE_NS_ASSERTIONS = NO;
				ENABLE_STRICT_OBJC_MSGSEND = YES;
				GCC_C_LANGUAGE_STANDARD = gnu11;
				GCC_NO_COMMON_BLOCKS = YES;
				GCC_WARN_64_TO_32_BIT_CONVERSION = YES;
				GCC_WARN_ABOUT_RETURN_TYPE = YES_ERROR;
				GCC_WARN_UNDECLARED_SELECTOR = YES;
				GCC_WARN_UNINITIALIZED_AUTOS = YES_AGGRESSIVE;
				GCC_WARN_UNUSED_FUNCTION = YES;
				GCC_WARN_UNUSED_VARIABLE = YES;
				IPHONEOS_DEPLOYMENT_TARGET = 16.2;
				MTL_ENABLE_DEBUG_INFO = NO;
				MTL_FAST_MATH = YES;
				SDKROOT = iphoneos;
				SWIFT_COMPILATION_MODE = wholemodule;
				SWIFT_OPTIMIZATION_LEVEL = "-O";
				VALIDATE_PRODUCT = YES;
			};
			name = Release;
		};
		C2E6B1402A20D6B6000CFB73 /* Debug */ = {
			isa = XCBuildConfiguration;
			buildSettings = {
				ASSETCATALOG_COMPILER_APPICON_NAME = AppIcon;
				ASSETCATALOG_COMPILER_GLOBAL_ACCENT_COLOR_NAME = AccentColor;
				CODE_SIGN_STYLE = Automatic;
				CURRENT_PROJECT_VERSION = 1;
				DEVELOPMENT_TEAM = CWM36AT76J;
				FRAMEWORK_SEARCH_PATHS = (
					"$(inherited)",
					"$(PROJECT_DIR)",
				);
				GENERATE_INFOPLIST_FILE = YES;
				INFOPLIST_FILE = GitHubExample/Info.plist;
				INFOPLIST_KEY_UIApplicationSupportsIndirectInputEvents = YES;
				INFOPLIST_KEY_UILaunchStoryboardName = LaunchScreen;
				INFOPLIST_KEY_UIStatusBarStyle = UIStatusBarStyleLightContent;
				INFOPLIST_KEY_UISupportedInterfaceOrientations_iPad = "UIInterfaceOrientationPortrait UIInterfaceOrientationPortraitUpsideDown UIInterfaceOrientationLandscapeLeft UIInterfaceOrientationLandscapeRight";
				INFOPLIST_KEY_UISupportedInterfaceOrientations_iPhone = "UIInterfaceOrientationPortrait UIInterfaceOrientationLandscapeLeft UIInterfaceOrientationLandscapeRight";
				LD_RUNPATH_SEARCH_PATHS = (
					"$(inherited)",
					"@executable_path/Frameworks",
				);
				MARKETING_VERSION = 1.0;
				PRODUCT_BUNDLE_IDENTIFIER = br.com.sdk.phep.GitHubExample;
				PRODUCT_NAME = "$(TARGET_NAME)";
				SWIFT_EMIT_LOC_STRINGS = YES;
				SWIFT_VERSION = 5.0;
				TARGETED_DEVICE_FAMILY = "1,2";
			};
			name = Debug;
		};
		C2E6B1412A20D6B6000CFB73 /* Release */ = {
			isa = XCBuildConfiguration;
			buildSettings = {
				ASSETCATALOG_COMPILER_APPICON_NAME = AppIcon;
				ASSETCATALOG_COMPILER_GLOBAL_ACCENT_COLOR_NAME = AccentColor;
				CODE_SIGN_STYLE = Automatic;
				CURRENT_PROJECT_VERSION = 1;
				DEVELOPMENT_TEAM = CWM36AT76J;
				FRAMEWORK_SEARCH_PATHS = (
					"$(inherited)",
					"$(PROJECT_DIR)",
				);
				GENERATE_INFOPLIST_FILE = YES;
				INFOPLIST_FILE = GitHubExample/Info.plist;
				INFOPLIST_KEY_UIApplicationSupportsIndirectInputEvents = YES;
				INFOPLIST_KEY_UILaunchStoryboardName = LaunchScreen;
				INFOPLIST_KEY_UIStatusBarStyle = UIStatusBarStyleLightContent;
				INFOPLIST_KEY_UISupportedInterfaceOrientations_iPad = "UIInterfaceOrientationPortrait UIInterfaceOrientationPortraitUpsideDown UIInterfaceOrientationLandscapeLeft UIInterfaceOrientationLandscapeRight";
				INFOPLIST_KEY_UISupportedInterfaceOrientations_iPhone = "UIInterfaceOrientationPortrait UIInterfaceOrientationLandscapeLeft UIInterfaceOrientationLandscapeRight";
				LD_RUNPATH_SEARCH_PATHS = (
					"$(inherited)",
					"@executable_path/Frameworks",
				);
				MARKETING_VERSION = 1.0;
				PRODUCT_BUNDLE_IDENTIFIER = br.com.sdk.phep.GitHubExample;
				PRODUCT_NAME = "$(TARGET_NAME)";
				SWIFT_EMIT_LOC_STRINGS = YES;
				SWIFT_VERSION = 5.0;
				TARGETED_DEVICE_FAMILY = "1,2";
			};
			name = Release;
		};
		C2E6B1432A20D6B6000CFB73 /* Debug */ = {
			isa = XCBuildConfiguration;
			buildSettings = {
				ALWAYS_EMBED_SWIFT_STANDARD_LIBRARIES = YES;
				BUNDLE_LOADER = "$(TEST_HOST)";
				CODE_SIGN_STYLE = Automatic;
				CURRENT_PROJECT_VERSION = 1;
				DEVELOPMENT_TEAM = CWM36AT76J;
				FRAMEWORK_SEARCH_PATHS = (
					"$(inherited)",
					"$(PROJECT_DIR)",
				);
				GENERATE_INFOPLIST_FILE = YES;
				IPHONEOS_DEPLOYMENT_TARGET = 16.2;
				MARKETING_VERSION = 1.0;
				PRODUCT_BUNDLE_IDENTIFIER = br.com.sdk.phep.GitHubExampleTests;
				PRODUCT_NAME = "$(TARGET_NAME)";
				SWIFT_EMIT_LOC_STRINGS = NO;
				SWIFT_VERSION = 5.0;
				TARGETED_DEVICE_FAMILY = "1,2";
				TEST_HOST = "$(BUILT_PRODUCTS_DIR)/GitHubExample.app/$(BUNDLE_EXECUTABLE_FOLDER_PATH)/GitHubExample";
			};
			name = Debug;
		};
		C2E6B1442A20D6B6000CFB73 /* Release */ = {
			isa = XCBuildConfiguration;
			buildSettings = {
				ALWAYS_EMBED_SWIFT_STANDARD_LIBRARIES = YES;
				BUNDLE_LOADER = "$(TEST_HOST)";
				CODE_SIGN_STYLE = Automatic;
				CURRENT_PROJECT_VERSION = 1;
				DEVELOPMENT_TEAM = CWM36AT76J;
				FRAMEWORK_SEARCH_PATHS = (
					"$(inherited)",
					"$(PROJECT_DIR)",
				);
				GENERATE_INFOPLIST_FILE = YES;
				IPHONEOS_DEPLOYMENT_TARGET = 16.2;
				MARKETING_VERSION = 1.0;
				PRODUCT_BUNDLE_IDENTIFIER = br.com.sdk.phep.GitHubExampleTests;
				PRODUCT_NAME = "$(TARGET_NAME)";
				SWIFT_EMIT_LOC_STRINGS = NO;
				SWIFT_VERSION = 5.0;
				TARGETED_DEVICE_FAMILY = "1,2";
				TEST_HOST = "$(BUILT_PRODUCTS_DIR)/GitHubExample.app/$(BUNDLE_EXECUTABLE_FOLDER_PATH)/GitHubExample";
			};
			name = Release;
		};
		C2E6B1462A20D6B6000CFB73 /* Debug */ = {
			isa = XCBuildConfiguration;
			buildSettings = {
				ALWAYS_EMBED_SWIFT_STANDARD_LIBRARIES = YES;
				CODE_SIGN_STYLE = Automatic;
				CURRENT_PROJECT_VERSION = 1;
				DEVELOPMENT_TEAM = CWM36AT76J;
				GENERATE_INFOPLIST_FILE = YES;
				MARKETING_VERSION = 1.0;
				PRODUCT_BUNDLE_IDENTIFIER = br.com.sdk.phep.GitHubExampleUITests;
				PRODUCT_NAME = "$(TARGET_NAME)";
				SWIFT_EMIT_LOC_STRINGS = NO;
				SWIFT_VERSION = 5.0;
				TARGETED_DEVICE_FAMILY = "1,2";
				TEST_TARGET_NAME = GitHubExample;
			};
			name = Debug;
		};
		C2E6B1472A20D6B6000CFB73 /* Release */ = {
			isa = XCBuildConfiguration;
			buildSettings = {
				ALWAYS_EMBED_SWIFT_STANDARD_LIBRARIES = YES;
				CODE_SIGN_STYLE = Automatic;
				CURRENT_PROJECT_VERSION = 1;
				DEVELOPMENT_TEAM = CWM36AT76J;
				GENERATE_INFOPLIST_FILE = YES;
				MARKETING_VERSION = 1.0;
				PRODUCT_BUNDLE_IDENTIFIER = br.com.sdk.phep.GitHubExampleUITests;
				PRODUCT_NAME = "$(TARGET_NAME)";
				SWIFT_EMIT_LOC_STRINGS = NO;
				SWIFT_VERSION = 5.0;
				TARGETED_DEVICE_FAMILY = "1,2";
				TEST_TARGET_NAME = GitHubExample;
			};
			name = Release;
		};
/* End XCBuildConfiguration section */

/* Begin XCConfigurationList section */
		C2E6B1102A20D6B5000CFB73 /* Build configuration list for PBXProject "GitHubExample" */ = {
			isa = XCConfigurationList;
			buildConfigurations = (
				C2E6B13D2A20D6B6000CFB73 /* Debug */,
				C2E6B13E2A20D6B6000CFB73 /* Release */,
			);
			defaultConfigurationIsVisible = 0;
			defaultConfigurationName = Release;
		};
		C2E6B13F2A20D6B6000CFB73 /* Build configuration list for PBXNativeTarget "GitHubExample" */ = {
			isa = XCConfigurationList;
			buildConfigurations = (
				C2E6B1402A20D6B6000CFB73 /* Debug */,
				C2E6B1412A20D6B6000CFB73 /* Release */,
			);
			defaultConfigurationIsVisible = 0;
			defaultConfigurationName = Release;
		};
		C2E6B1422A20D6B6000CFB73 /* Build configuration list for PBXNativeTarget "GitHubExampleTests" */ = {
			isa = XCConfigurationList;
			buildConfigurations = (
				C2E6B1432A20D6B6000CFB73 /* Debug */,
				C2E6B1442A20D6B6000CFB73 /* Release */,
			);
			defaultConfigurationIsVisible = 0;
			defaultConfigurationName = Release;
		};
		C2E6B1452A20D6B6000CFB73 /* Build configuration list for PBXNativeTarget "GitHubExampleUITests" */ = {
			isa = XCConfigurationList;
			buildConfigurations = (
				C2E6B1462A20D6B6000CFB73 /* Debug */,
				C2E6B1472A20D6B6000CFB73 /* Release */,
			);
			defaultConfigurationIsVisible = 0;
			defaultConfigurationName = Release;
		};
/* End XCConfigurationList section */
	};
	rootObject = C2E6B10D2A20D6B5000CFB73 /* Project object */;
}
